{
  "nodes": {
    "crane": {
      "inputs": {
        "nixpkgs": "nixpkgs"
      },
      "locked": {
        "lastModified": 1721842668,
        "narHash": "sha256-k3oiD2z2AAwBFLa4+xfU+7G5fisRXfkvrMTCJrjZzXo=",
        "owner": "ipetkov",
        "repo": "crane",
        "rev": "529c1a0b1f29f0d78fa3086b8f6a134c71ef3aaf",
        "type": "github"
      },
      "original": {
        "owner": "ipetkov",
        "repo": "crane",
        "type": "github"
      }
    },
    "flake-utils": {
      "inputs": {
        "systems": "systems"
      },
      "locked": {
        "lastModified": 1710146030,
        "narHash": "sha256-SZ5L6eA7HJ/nmkzGG7/ISclqe6oZdOZTNoesiInkXPQ=",
        "owner": "numtide",
        "repo": "flake-utils",
        "rev": "b1d9ab70662946ef0850d488da1c9019f3a9752a",
        "type": "github"
      },
      "original": {
        "owner": "numtide",
        "repo": "flake-utils",
        "type": "github"
      }
    },
    "nixpkgs": {
      "locked": {
        "lastModified": 1721116560,
        "narHash": "sha256-++TYlGMAJM1Q+0nMVaWBSEvEUjRs7ZGiNQOpqbQApCU=",
        "owner": "NixOS",
        "repo": "nixpkgs",
        "rev": "9355fa86e6f27422963132c2c9aeedb0fb963d93",
        "type": "github"
      },
      "original": {
        "owner": "NixOS",
        "ref": "nixpkgs-unstable",
        "repo": "nixpkgs",
        "type": "github"
      }
    },
    "nixpkgs_2": {
      "locked": {
        "lastModified": 1722062969,
        "narHash": "sha256-QOS0ykELUmPbrrUGmegAUlpmUFznDQeR4q7rFhl8eQg=",
        "owner": "nixos",
        "repo": "nixpkgs",
        "rev": "b73c2221a46c13557b1b3be9c2070cc42cf01eb3",
        "type": "github"
      },
      "original": {
        "owner": "nixos",
        "ref": "nixos-unstable",
        "repo": "nixpkgs",
        "type": "github"
      }
    },
    "nixpkgs_3": {
      "locked": {
        "lastModified": 1718428119,
        "narHash": "sha256-WdWDpNaq6u1IPtxtYHHWpl5BmabtpmLnMAx0RdJ/vo8=",
        "owner": "NixOS",
        "repo": "nixpkgs",
        "rev": "e6cea36f83499eb4e9cd184c8a8e823296b50ad5",
        "type": "github"
      },
      "original": {
        "owner": "NixOS",
        "ref": "nixpkgs-unstable",
        "repo": "nixpkgs",
        "type": "github"
      }
    },
    "nixpkgs_4": {
      "locked": {
        "lastModified": 1701282334,
        "narHash": "sha256-MxCVrXY6v4QmfTwIysjjaX0XUhqBbxTWWB4HXtDYsdk=",
        "owner": "nixos",
        "repo": "nixpkgs",
        "rev": "057f9aecfb71c4437d2b27d3323df7f93c010b7e",
        "type": "github"
      },
      "original": {
        "owner": "nixos",
        "ref": "23.11",
        "repo": "nixpkgs",
        "type": "github"
      }
    },
    "nixpkgs_5": {
      "locked": {
        "lastModified": 1708475490,
        "narHash": "sha256-g1v0TsWBQPX97ziznfJdWhgMyMGtoBFs102xSYO4syU=",
        "owner": "nixos",
        "repo": "nixpkgs",
        "rev": "0e74ca98a74bc7270d28838369593635a5db3260",
        "type": "github"
      },
      "original": {
        "owner": "nixos",
        "ref": "nixos-unstable",
        "repo": "nixpkgs",
        "type": "github"
      }
    },
    "nixpkgs_6": {
      "locked": {
        "lastModified": 1701282334,
        "narHash": "sha256-MxCVrXY6v4QmfTwIysjjaX0XUhqBbxTWWB4HXtDYsdk=",
        "owner": "nixos",
        "repo": "nixpkgs",
        "rev": "057f9aecfb71c4437d2b27d3323df7f93c010b7e",
        "type": "github"
      },
      "original": {
        "owner": "nixos",
        "ref": "23.11",
        "repo": "nixpkgs",
        "type": "github"
      }
    },
    "nixpkgs_7": {
      "locked": {
        "lastModified": 1708475490,
        "narHash": "sha256-g1v0TsWBQPX97ziznfJdWhgMyMGtoBFs102xSYO4syU=",
        "owner": "nixos",
        "repo": "nixpkgs",
        "rev": "0e74ca98a74bc7270d28838369593635a5db3260",
        "type": "github"
      },
      "original": {
        "owner": "nixos",
        "ref": "nixos-unstable",
        "repo": "nixpkgs",
        "type": "github"
      }
    },
    "nixpkgs_8": {
      "locked": {
        "lastModified": 1720957393,
        "narHash": "sha256-oedh2RwpjEa+TNxhg5Je9Ch6d3W1NKi7DbRO1ziHemA=",
        "owner": "nixos",
        "repo": "nixpkgs",
        "rev": "693bc46d169f5af9c992095736e82c3488bf7dbb",
        "type": "github"
      },
      "original": {
        "owner": "nixos",
        "ref": "nixos-unstable",
        "repo": "nixpkgs",
        "type": "github"
      }
    },
    "root": {
      "inputs": {
        "crane": "crane",
        "flake-utils": "flake-utils",
        "nixpkgs": "nixpkgs_2",
        "rust-overlay": "rust-overlay",
        "surrealdb-overlay": "surrealdb-overlay",
        "surrealist-overlay": "surrealist-overlay",
        "treefmt-nix": "treefmt-nix_3"
      }
    },
    "rust-overlay": {
      "inputs": {
        "nixpkgs": "nixpkgs_3"
      },
      "locked": {
        "lastModified": 1722219664,
        "narHash": "sha256-xMOJ+HW4yj6e69PvieohUJ3dBSdgCfvI0nnCEe6/yVc=",
        "owner": "oxalica",
        "repo": "rust-overlay",
        "rev": "a6fbda5d9a14fb5f7c69b8489d24afeb349c7bb4",
        "type": "github"
      },
      "original": {
        "owner": "oxalica",
        "repo": "rust-overlay",
        "type": "github"
      }
    },
    "surrealdb-overlay": {
      "inputs": {
        "nixpkgs": "nixpkgs_4",
        "systems": "systems_2",
        "treefmt-nix": "treefmt-nix"
      },
      "locked": {
        "lastModified": 1722214779,
        "narHash": "sha256-aJ+RwAr5Mtcj23S/eunM5mTu369YYRfHjAQwQOkW0AE=",
        "owner": "haruki7049",
        "repo": "surrealdb-overlay",
        "rev": "207ea48948c26dbc3ea99ed6327f37ed59c9e023",
        "type": "github"
      },
      "original": {
        "owner": "haruki7049",
        "repo": "surrealdb-overlay",
        "type": "github"
      }
    },
    "surrealist-overlay": {
      "inputs": {
        "nixpkgs": "nixpkgs_6",
        "systems": "systems_3",
        "treefmt-nix": "treefmt-nix_2"
      },
      "locked": {
        "lastModified": 1722217039,
        "narHash": "sha256-SFStmmxW4DWsm8femx1o2DSZOns5TUpJ1UAOoIM/hoE=",
        "owner": "haruki7049",
        "repo": "surrealist-overlay",
        "rev": "00caea10da3ae7fed9cebf5c74b34cffa141681c",
        "type": "github"
      },
      "original": {
        "owner": "haruki7049",
        "repo": "surrealist-overlay",
        "type": "github"
      }
    },
    "systems": {
      "locked": {
        "lastModified": 1681028828,
        "narHash": "sha256-Vy1rq5AaRuLzOxct8nz4T6wlgyUR7zLU309k9mBC768=",
        "owner": "nix-systems",
        "repo": "default",
        "rev": "da67096a3b9bf56a91d16901293e51ba5b49a27e",
        "type": "github"
      },
      "original": {
        "owner": "nix-systems",
        "repo": "default",
        "type": "github"
      }
    },
    "systems_2": {
      "locked": {
        "lastModified": 1681028828,
        "narHash": "sha256-Vy1rq5AaRuLzOxct8nz4T6wlgyUR7zLU309k9mBC768=",
        "owner": "nix-systems",
        "repo": "default",
        "rev": "da67096a3b9bf56a91d16901293e51ba5b49a27e",
        "type": "github"
      },
      "original": {
        "id": "systems",
        "type": "indirect"
      }
    },
    "systems_3": {
      "locked": {
        "lastModified": 1681028828,
        "narHash": "sha256-Vy1rq5AaRuLzOxct8nz4T6wlgyUR7zLU309k9mBC768=",
        "owner": "nix-systems",
        "repo": "default",
        "rev": "da67096a3b9bf56a91d16901293e51ba5b49a27e",
        "type": "github"
      },
      "original": {
        "id": "systems",
        "type": "indirect"
      }
    },
    "treefmt-nix": {
      "inputs": {
        "nixpkgs": "nixpkgs_5"
      },
      "locked": {
        "lastModified": 1711963903,
        "narHash": "sha256-N3QDhoaX+paWXHbEXZapqd1r95mdshxToGowtjtYkGI=",
        "owner": "numtide",
        "repo": "treefmt-nix",
        "rev": "49dc4a92b02b8e68798abd99184f228243b6e3ac",
        "type": "github"
      },
      "original": {
        "owner": "numtide",
        "repo": "treefmt-nix",
        "type": "github"
      }
    },
    "treefmt-nix_2": {
      "inputs": {
        "nixpkgs": "nixpkgs_7"
      },
      "locked": {
        "lastModified": 1714058656,
        "narHash": "sha256-Qv4RBm4LKuO4fNOfx9wl40W2rBbv5u5m+whxRYUMiaA=",
        "owner": "numtide",
        "repo": "treefmt-nix",
        "rev": "c6aaf729f34a36c445618580a9f95a48f5e4e03f",
        "type": "github"
      },
      "original": {
        "owner": "numtide",
        "repo": "treefmt-nix",
        "type": "github"
      }
    },
    "treefmt-nix_3": {
      "inputs": {
        "nixpkgs": "nixpkgs_8"
      },
      "locked": {
        "lastModified": 1721769617,
        "narHash": "sha256-6Pqa0bi5nV74IZcENKYRToRNM5obo1EQ+3ihtunJ014=",
        "owner": "numtide",
        "repo": "treefmt-nix",
        "rev": "8db8970be1fb8be9c845af7ebec53b699fe7e009",
        "type": "github"
      },
      "original": {
        "owner": "numtide",
        "repo": "treefmt-nix",
        "type": "github"
      }
    }
  },
  "root": "root",
  "version": 7
}
